
Microsoft Visual Studio Solution File, Format Version 12.00
# Visual Studio Version 17
VisualStudioVersion = 17.8.34330.188
MinimumVisualStudioVersion = 10.0.40219.1
Project("{FAE04EC0-301F-11D3-BF4B-00C04F79EFBC}") = "czarnyjacek", "czarnyjacek\czarnyjacek.csproj", "{740C3A36-024E-47A0-AB80-064D3817D361}"
EndProject
Global
	GlobalSection(SolutionConfigurationPlatforms) = preSolution
		Debug|Any CPU = Debug|Any CPU
		Release|Any CPU = Release|Any CPU
	EndGlobalSection
	GlobalSection(ProjectConfigurationPlatforms) = postSolution
		{740C3A36-024E-47A0-AB80-064D3817D361}.Debug|Any CPU.ActiveCfg = Debug|Any CPU
		{740C3A36-024E-47A0-AB80-064D3817D361}.Debug|Any CPU.Build.0 = Debug|Any CPU
		{740C3A36-024E-47A0-AB80-064D3817D361}.Release|Any CPU.ActiveCfg = Release|Any CPU
		{740C3A36-024E-47A0-AB80-064D3817D361}.Release|Any CPU.Build.0 = Release|Any CPU
	EndGlobalSection
	GlobalSection(SolutionProperties) = preSolution
		HideSolutionNode = FALSE
	EndGlobalSection
	GlobalSection(ExtensibilityGlobals) = postSolution
		SolutionGuid = {106105BD-2E5A-4C7C-BE11-1CC79302D7A0}
	EndGlobalSection
EndGlobal
